// !$*UTF8*$!
{
	archiveVersion = 1;
	classes = {
	};
	objectVersion = 51;
	objects = {

/* Begin PBXBuildFile section */
		1696604471937EAFE4ED01FF /* Pods_GooleMapsDemo.framework in Frameworks */ = {isa = PBXBuildFile; fileRef = 895708ACD2145D2AEC34E533 /* Pods_GooleMapsDemo.framework */; };
		5799A42023B3A72100679CD8 /* AppDelegate.swift in Sources */ = {isa = PBXBuildFile; fileRef = 5799A41F23B3A72100679CD8 /* AppDelegate.swift */; };
		5799A42223B3A72100679CD8 /* SceneDelegate.swift in Sources */ = {isa = PBXBuildFile; fileRef = 5799A42123B3A72100679CD8 /* SceneDelegate.swift */; };
		5799A42423B3A72100679CD8 /* ViewController.swift in Sources */ = {isa = PBXBuildFile; fileRef = 5799A42323B3A72100679CD8 /* ViewController.swift */; };
		5799A42723B3A72100679CD8 /* Main.storyboard in Resources */ = {isa = PBXBuildFile; fileRef = 5799A42523B3A72100679CD8 /* Main.storyboard */; };
		5799A42923B3A72200679CD8 /* Assets.xcassets in Resources */ = {isa = PBXBuildFile; fileRef = 5799A42823B3A72200679CD8 /* Assets.xcassets */; };
		5799A42C23B3A72200679CD8 /* LaunchScreen.storyboard in Resources */ = {isa = PBXBuildFile; fileRef = 5799A42A23B3A72200679CD8 /* LaunchScreen.storyboard */; };
		5799A43423B3AA4300679CD8 /* CustomMapViewController.swift in Sources */ = {isa = PBXBuildFile; fileRef = 5799A43323B3AA4300679CD8 /* CustomMapViewController.swift */; };
/* End PBXBuildFile section */

/* Begin PBXFileReference section */
		16720D892814C2E309F3F422 /* Pods-GooleMapsDemo.release.xcconfig */ = {isa = PBXFileReference; includeInIndex = 1; lastKnownFileType = text.xcconfig; name = "Pods-GooleMapsDemo.release.xcconfig"; path = "Target Support Files/Pods-GooleMapsDemo/Pods-GooleMapsDemo.release.xcconfig"; sourceTree = "<group>"; };
		21CC23FC6A87D4668387D241 /* Pods-GooleMapsDemo.debug.xcconfig */ = {isa = PBXFileReference; includeInIndex = 1; lastKnownFileType = text.xcconfig; name = "Pods-GooleMapsDemo.debug.xcconfig"; path = "Target Support Files/Pods-GooleMapsDemo/Pods-GooleMapsDemo.debug.xcconfig"; sourceTree = "<group>"; };
		5799A41C23B3A72100679CD8 /* GooleMapsDemo.app */ = {isa = PBXFileReference; explicitFileType = wrapper.application; includeInIndex = 0; path = GooleMapsDemo.app; sourceTree = BUILT_PRODUCTS_DIR; };
		5799A41F23B3A72100679CD8 /* AppDelegate.swift */ = {isa = PBXFileReference; lastKnownFileType = sourcecode.swift; path = AppDelegate.swift; sourceTree = "<group>"; };
		5799A42123B3A72100679CD8 /* SceneDelegate.swift */ = {isa = PBXFileReference; lastKnownFileType = sourcecode.swift; path = SceneDelegate.swift; sourceTree = "<group>"; };
		5799A42323B3A72100679CD8 /* ViewController.swift */ = {isa = PBXFileReference; lastKnownFileType = sourcecode.swift; path = ViewController.swift; sourceTree = "<group>"; };
		5799A42623B3A72100679CD8 /* Base */ = {isa = PBXFileReference; lastKnownFileType = file.storyboard; name = Base; path = Base.lproj/Main.storyboard; sourceTree = "<group>"; };
		5799A42823B3A72200679CD8 /* Assets.xcassets */ = {isa = PBXFileReference; lastKnownFileType = folder.assetcatalog; path = Assets.xcassets; sourceTree = "<group>"; };
		5799A42B23B3A72200679CD8 /* Base */ = {isa = PBXFileReference; lastKnownFileType = file.storyboard; name = Base; path = Base.lproj/LaunchScreen.storyboard; sourceTree = "<group>"; };
		5799A42D23B3A72200679CD8 /* Info.plist */ = {isa = PBXFileReference; lastKnownFileType = text.plist.xml; path = Info.plist; sourceTree = "<group>"; };
		5799A43323B3AA4300679CD8 /* CustomMapViewController.swift */ = {isa = PBXFileReference; lastKnownFileType = sourcecode.swift; path = CustomMapViewController.swift; sourceTree = "<group>"; };
		895708ACD2145D2AEC34E533 /* Pods_GooleMapsDemo.framework */ = {isa = PBXFileReference; explicitFileType = wrapper.framework; includeInIndex = 0; path = Pods_GooleMapsDemo.framework; sourceTree = BUILT_PRODUCTS_DIR; };
/* End PBXFileReference section */

/* Begin PBXFrameworksBuildPhase section */
		5799A41923B3A72100679CD8 /* Frameworks */ = {
			isa = PBXFrameworksBuildPhase;
			buildActionMask = 2147483647;
			files = (
				1696604471937EAFE4ED01FF /* Pods_GooleMapsDemo.framework in Frameworks */,
			);
			runOnlyForDeploymentPostprocessing = 0;
		};
/* End PBXFrameworksBuildPhase section */

/* Begin PBXGroup section */
		5799A41323B3A72100679CD8 = {
			isa = PBXGroup;
			children = (
				5799A41E23B3A72100679CD8 /* GooleMapsDemo */,
				5799A41D23B3A72100679CD8 /* Products */,
				C6006E956CEA7F8036F0470D /* Pods */,
				901A5387B7E25BFAF169AAAC /* Frameworks */,
			);
			sourceTree = "<group>";
		};
		5799A41D23B3A72100679CD8 /* Products */ = {
			isa = PBXGroup;
			children = (
				5799A41C23B3A72100679CD8 /* GooleMapsDemo.app */,
			);
			name = Products;
			sourceTree = "<group>";
		};
		5799A41E23B3A72100679CD8 /* GooleMapsDemo */ = {
			isa = PBXGroup;
			children = (
				5799A41F23B3A72100679CD8 /* AppDelegate.swift */,
				5799A42123B3A72100679CD8 /* SceneDelegate.swift */,
				5799A42323B3A72100679CD8 /* ViewController.swift */,
				5799A43323B3AA4300679CD8 /* CustomMapViewController.swift */,
				5799A42523B3A72100679CD8 /* Main.storyboard */,
				5799A42823B3A72200679CD8 /* Assets.xcassets */,
				5799A42A23B3A72200679CD8 /* LaunchScreen.storyboard */,
				5799A42D23B3A72200679CD8 /* Info.plist */,
			);
			path = GooleMapsDemo;
			sourceTree = "<group>";
		};
		901A5387B7E25BFAF169AAAC /* Frameworks */ = {
			isa = PBXGroup;
			children = (
				895708ACD2145D2AEC34E533 /* Pods_GooleMapsDemo.framework */,
			);
			name = Frameworks;
			sourceTree = "<group>";
		};
		C6006E956CEA7F8036F0470D /* Pods */ = {
			isa = PBXGroup;
			children = (
				21CC23FC6A87D4668387D241 /* Pods-GooleMapsDemo.debug.xcconfig */,
				16720D892814C2E309F3F422 /* Pods-GooleMapsDemo.release.xcconfig */,
			);
			path = Pods;
			sourceTree = "<group>";
		};
/* End PBXGroup section */

/* Begin PBXNativeTarget section */
		5799A41B23B3A72100679CD8 /* GooleMapsDemo */ = {
			isa = PBXNativeTarget;
			buildConfigurationList = 5799A43023B3A72200679CD8 /* Build configuration list for PBXNativeTarget "GooleMapsDemo" */;
			buildPhases = (
				2FAA411E7B0D5E91433DC441 /* [CP] Check Pods Manifest.lock */,
				5799A41823B3A72100679CD8 /* Sources */,
				5799A41923B3A72100679CD8 /* Frameworks */,
				5799A41A23B3A72100679CD8 /* Resources */,
				35B6399521F4F349407856F7 /* [CP] Copy Pods Resources */,
			);
			buildRules = (
			);
			dependencies = (
			);
			name = GooleMapsDemo;
			productName = GooleMapsDemo;
			productReference = 5799A41C23B3A72100679CD8 /* GooleMapsDemo.app */;
			productType = "com.apple.product-type.application";
		};
/* End PBXNativeTarget section */

/* Begin PBXProject section */
		5799A41423B3A72100679CD8 /* Project object */ = {
			isa = PBXProject;
			attributes = {
				LastSwiftUpdateCheck = 1120;
				LastUpgradeCheck = 1120;
				ORGANIZATIONNAME = "Sandeep Parmar";
				TargetAttributes = {
					5799A41B23B3A72100679CD8 = {
						CreatedOnToolsVersion = 11.2.1;
					};
				};
			};
			buildConfigurationList = 5799A41723B3A72100679CD8 /* Build configuration list for PBXProject "GooleMapsDemo" */;
			compatibilityVersion = "Xcode 9.3";
			developmentRegion = en;
			hasScannedForEncodings = 0;
			knownRegions = (
				en,
				Base,
			);
			mainGroup = 5799A41323B3A72100679CD8;
			productRefGroup = 5799A41D23B3A72100679CD8 /* Products */;
			projectDirPath = "";
			projectRoot = "";
			targets = (
				5799A41B23B3A72100679CD8 /* GooleMapsDemo */,
			);
		};
/* End PBXProject section */

/* Begin PBXResourcesBuildPhase section */
		5799A41A23B3A72100679CD8 /* Resources */ = {
			isa = PBXResourcesBuildPhase;
			buildActionMask = 2147483647;
			files = (
				5799A42C23B3A72200679CD8 /* LaunchScreen.storyboard in Resources */,
				5799A42923B3A72200679CD8 /* Assets.xcassets in Resources */,
				5799A42723B3A72100679CD8 /* Main.storyboard in Resources */,
			);
			runOnlyForDeploymentPostprocessing = 0;
		};
/* End PBXResourcesBuildPhase section */

/* Begin PBXShellScriptBuildPhase section */
		2FAA411E7B0D5E91433DC441 /* [CP] Check Pods Manifest.lock */ = {
			isa = PBXShellScriptBuildPhase;
			buildActionMask = 2147483647;
			files = (
			);
			inputFileListPaths = (
			);
			inputPaths = (
				"${PODS_PODFILE_DIR_PATH}/Podfile.lock",
				"${PODS_ROOT}/Manifest.lock",
			);
			name = "[CP] Check Pods Manifest.lock";
			outputFileListPaths = (
			);
			outputPaths = (
				"$(DERIVED_FILE_DIR)/Pods-GooleMapsDemo-checkManifestLockResult.txt",
			);
			runOnlyForDeploymentPostprocessing = 0;
			shellPath = /bin/sh;
			shellScript = "diff \"${PODS_PODFILE_DIR_PATH}/Podfile.lock\" \"${PODS_ROOT}/Manifest.lock\" > /dev/null\nif [ $? != 0 ] ; then\n    # print error to STDERR\n    echo \"error: The sandbox is not in sync with the Podfile.lock. Run 'pod install' or update your CocoaPods installation.\" >&2\n    exit 1\nfi\n# This output is used by Xcode 'outputs' to avoid re-running this script phase.\necho \"SUCCESS\" > \"${SCRIPT_OUTPUT_FILE_0}\"\n";
			showEnvVarsInLog = 0;
		};
		35B6399521F4F349407856F7 /* [CP] Copy Pods Resources */ = {
			isa = PBXShellScriptBuildPhase;
			buildActionMask = 2147483647;
			files = (
			);
			inputFileListPaths = (
				"${PODS_ROOT}/Target Support Files/Pods-GooleMapsDemo/Pods-GooleMapsDemo-resources-${CONFIGURATION}-input-files.xcfilelist",
			);
			name = "[CP] Copy Pods Resources";
			outputFileListPaths = (
				"${PODS_ROOT}/Target Support Files/Pods-GooleMapsDemo/Pods-GooleMapsDemo-resources-${CONFIGURATION}-output-files.xcfilelist",
			);
			runOnlyForDeploymentPostprocessing = 0;
			shellPath = /bin/sh;
			shellScript = "\"${PODS_ROOT}/Target Support Files/Pods-GooleMapsDemo/Pods-GooleMapsDemo-resources.sh\"\n";
			showEnvVarsInLog = 0;
		};
/* End PBXShellScriptBuildPhase section */

/* Begin PBXSourcesBuildPhase section */
		5799A41823B3A72100679CD8 /* Sources */ = {
			isa = PBXSourcesBuildPhase;
			buildActionMask = 2147483647;
			files = (
				5799A43423B3AA4300679CD8 /* CustomMapViewController.swift in Sources */,
				5799A42423B3A72100679CD8 /* ViewController.swift in Sources */,
				5799A42023B3A72100679CD8 /* AppDelegate.swift in Sources */,
				5799A42223B3A72100679CD8 /* SceneDelegate.swift in Sources */,
			);
			runOnlyForDeploymentPostprocessing = 0;
		};
/* End PBXSourcesBuildPhase section */

/* Begin PBXVariantGroup section */
		5799A42523B3A72100679CD8 /* Main.storyboard */ = {
			isa = PBXVariantGroup;
			children = (
				5799A42623B3A72100679CD8 /* Base */,
			);
			name = Main.storyboard;
			sourceTree = "<group>";
		};
		5799A42A23B3A72200679CD8 /* LaunchScreen.storyboard */ = {
			isa = PBXVariantGroup;
			children = (
				5799A42B23B3A72200679CD8 /* Base */,
			);
			name = LaunchScreen.storyboard;
			sourceTree = "<group>";
		};
/* End PBXVariantGroup section */

/* Begin XCBuildConfiguration section */
		5799A42E23B3A72200679CD8 /* Debug */ = {
			isa = XCBuildConfiguration;
			buildSettings = {
				ALWAYS_SEARCH_USER_PATHS = NO;
				CLANG_ANALYZER_NONNULL = YES;
				CLANG_ANALYZER_NUMBER_OBJECT_CONVERSION = YES_AGGRESSIVE;
				CLANG_CXX_LANGUAGE_STANDARD = "gnu++14";
				CLANG_CXX_LIBRARY = "libc++";
				CLANG_ENABLE_MODULES = YES;
				CLANG_ENABLE_OBJC_ARC = YES;
				CLANG_ENABLE_OBJC_WEAK = YES;
				CLANG_WARN_BLOCK_CAPTURE_AUTORELEASING = YES;
				CLANG_WARN_BOOL_CONVERSION = YES;
				CLANG_WARN_COMMA = YES;
				CLANG_WARN_CONSTANT_CONVERSION = YES;
				CLANG_WARN_DEPRECATED_OBJC_IMPLEMENTATIONS = YES;
				CLANG_WARN_DIRECT_OBJC_ISA_USAGE = YES_ERROR;
				CLANG_WARN_DOCUMENTATION_COMMENTS = YES;
				CLANG_WARN_EMPTY_BODY = YES;
				CLANG_WARN_ENUM_CONVERSION = YES;
				CLANG_WARN_INFINITE_RECURSION = YES;
				CLANG_WARN_INT_CONVERSION = YES;
				CLANG_WARN_NON_LITERAL_NULL_CONVERSION = YES;
				CLANG_WARN_OBJC_IMPLICIT_RETAIN_SELF = YES;
				CLANG_WARN_OBJC_LITERAL_CONVERSION = YES;
				CLANG_WARN_OBJC_ROOT_CLASS = YES_ERROR;
				CLANG_WARN_RANGE_LOOP_ANALYSIS = YES;
				CLANG_WARN_STRICT_PROTOTYPES = YES;
				CLANG_WARN_SUSPICIOUS_MOVE = YES;
				CLANG_WARN_UNGUARDED_AVAILABILITY = YES_AGGRESSIVE;
				CLANG_WARN_UNREACHABLE_CODE = YES;
				CLANG_WARN__DUPLICATE_METHOD_MATCH = YES;
				COPY_PHASE_STRIP = NO;
				DEBUG_INFORMATION_FORMAT = dwarf;
				ENABLE_STRICT_OBJC_MSGSEND = YES;
				ENABLE_TESTABILITY = YES;
				GCC_C_LANGUAGE_STANDARD = gnu11;
				GCC_DYNAMIC_NO_PIC = NO;
				GCC_NO_COMMON_BLOCKS = YES;
				GCC_OPTIMIZATION_LEVEL = 0;
				GCC_PREPROCESSOR_DEFINITIONS = (
					"DEBUG=1",
					"$(inherited)",
				);
				GCC_WARN_64_TO_32_BIT_CONVERSION = YES;
				GCC_WARN_ABOUT_RETURN_TYPE = YES_ERROR;
				GCC_WARN_UNDECLARED_SELECTOR = YES;
				GCC_WARN_UNINITIALIZED_AUTOS = YES_AGGRESSIVE;
				GCC_WARN_UNUSED_FUNCTION = YES;
				GCC_WARN_UNUSED_VARIABLE = YES;
				IPHONEOS_DEPLOYMENT_TARGET = 13.2;
				MTL_ENABLE_DEBUG_INFO = INCLUDE_SOURCE;
				MTL_FAST_MATH = YES;
				ONLY_ACTIVE_ARCH = YES;
				SDKROOT = iphoneos;
				SWIFT_ACTIVE_COMPILATION_CONDITIONS = DEBUG;
				SWIFT_OPTIMIZATION_LEVEL = "-Onone";
			};
			name = Debug;
		};
		5799A42F23B3A72200679CD8 /* Release */ = {
			isa = XCBuildConfiguration;
			buildSettings = {
				ALWAYS_SEARCH_USER_PATHS = NO;
				CLANG_ANALYZER_NONNULL = YES;
				CLANG_ANALYZER_NUMBER_OBJECT_CONVERSION = YES_AGGRESSIVE;
				CLANG_CXX_LANGUAGE_STANDARD = "gnu++14";
				CLANG_CXX_LIBRARY = "libc++";
				CLANG_ENABLE_MODULES = YES;
				CLANG_ENABLE_OBJC_ARC = YES;
				CLANG_ENABLE_OBJC_WEAK = YES;
				CLANG_WARN_BLOCK_CAPTURE_AUTORELEASING = YES;
				CLANG_WARN_BOOL_CONVERSION = YES;
				CLANG_WARN_COMMA = YES;
				CLANG_WARN_CONSTANT_CONVERSION = YES;
				CLANG_WARN_DEPRECATED_OBJC_IMPLEMENTATIONS = YES;
				CLANG_WARN_DIRECT_OBJC_ISA_USAGE = YES_ERROR;
				CLANG_WARN_DOCUMENTATION_COMMENTS = YES;
				CLANG_WARN_EMPTY_BODY = YES;
				CLANG_WARN_ENUM_CONVERSION = YES;
				CLANG_WARN_INFINITE_RECURSION = YES;
				CLANG_WARN_INT_CONVERSION = YES;
				CLANG_WARN_NON_LITERAL_NULL_CONVERSION = YES;
				CLANG_WARN_OBJC_IMPLICIT_RETAIN_SELF = YES;
				CLANG_WARN_OBJC_LITERAL_CONVERSION = YES;
				CLANG_WARN_OBJC_ROOT_CLASS = YES_ERROR;
				CLANG_WARN_RANGE_LOOP_ANALYSIS = YES;
				CLANG_WARN_STRICT_PROTOTYPES = YES;
				CLANG_WARN_SUSPICIOUS_MOVE = YES;
				CLANG_WARN_UNGUARDED_AVAILABILITY = YES_AGGRESSIVE;
				CLANG_WARN_UNREACHABLE_CODE = YES;
				CLANG_WARN__DUPLICATE_METHOD_MATCH = YES;
				COPY_PHASE_STRIP = NO;
				DEBUG_INFORMATION_FORMAT = "dwarf-with-dsym";
				ENABLE_NS_ASSERTIONS = NO;
				ENABLE_STRICT_OBJC_MSGSEND = YES;
				GCC_C_LANGUAGE_STANDARD = gnu11;
				GCC_NO_COMMON_BLOCKS = YES;
				GCC_WARN_64_TO_32_BIT_CONVERSION = YES;
				GCC_WARN_ABOUT_RETURN_TYPE = YES_ERROR;
				GCC_WARN_UNDECLARED_SELECTOR = YES;
				GCC_WARN_UNINITIALIZED_AUTOS = YES_AGGRESSIVE;
				GCC_WARN_UNUSED_FUNCTION = YES;
				GCC_WARN_UNUSED_VARIABLE = YES;
				IPHONEOS_DEPLOYMENT_TARGET = 13.2;
				MTL_ENABLE_DEBUG_INFO = NO;
				MTL_FAST_MATH = YES;
				SDKROOT = iphoneos;
				SWIFT_COMPILATION_MODE = wholemodule;
				SWIFT_OPTIMIZATION_LEVEL = "-O";
				VALIDATE_PRODUCT = YES;
			};
			name = Release;
		};
		5799A43123B3A72200679CD8 /* Debug */ = {
			isa = XCBuildConfiguration;
			baseConfigurationReference = 21CC23FC6A87D4668387D241 /* Pods-GooleMapsDemo.debug.xcconfig */;
			buildSettings = {
				ASSETCATALOG_COMPILER_APPICON_NAME = AppIcon;
				CODE_SIGN_STYLE = Automatic;
				INFOPLIST_FILE = GooleMapsDemo/Info.plist;
				LD_RUNPATH_SEARCH_PATHS = (
					"$(inherited)",
					"@executable_path/Frameworks",
				);
				PRODUCT_BUNDLE_IDENTIFIER = com.sandy.GooleMapsDemo;
				PRODUCT_NAME = "$(TARGET_NAME)";
				SWIFT_VERSION = 5.0;
				TARGETED_DEVICE_FAMILY = "1,2";
			};
			name = Debug;
		};
		5799A43223B3A72200679CD8 /* Release */ = {
			isa = XCBuildConfiguration;
			baseConfigurationReference = 16720D892814C2E309F3F422 /* Pods-GooleMapsDemo.release.xcconfig */;
			buildSettings = {
				ASSETCATALOG_COMPILER_APPICON_NAME = AppIcon;
				CODE_SIGN_STYLE = Automatic;
				INFOPLIST_FILE = GooleMapsDemo/Info.plist;
				LD_RUNPATH_SEARCH_PATHS = (
					"$(inherited)",
					"@executable_path/Frameworks",
				);
				PRODUCT_BUNDLE_IDENTIFIER = com.sandy.GooleMapsDemo;
				PRODUCT_NAME = "$(TARGET_NAME)";
				SWIFT_VERSION = 5.0;
				TARGETED_DEVICE_FAMILY = "1,2";
			};
			name = Release;
		};
/* End XCBuildConfiguration section */

/* Begin XCConfigurationList section */
		5799A41723B3A72100679CD8 /* Build configuration list for PBXProject "GooleMapsDemo" */ = {
			isa = XCConfigurationList;
			buildConfigurations = (
				5799A42E23B3A72200679CD8 /* Debug */,
				5799A42F23B3A72200679CD8 /* Release */,
			);
			defaultConfigurationIsVisible = 0;
			defaultConfigurationName = Release;
		};
		5799A43023B3A72200679CD8 /* Build configuration list for PBXNativeTarget "GooleMapsDemo" */ = {
			isa = XCConfigurationList;
			buildConfigurations = (
				5799A43123B3A72200679CD8 /* Debug */,
				5799A43223B3A72200679CD8 /* Release */,
			);
			defaultConfigurationIsVisible = 0;
			defaultConfigurationName = Release;
		};
/* End XCConfigurationList section */
	};
	rootObject = 5799A41423B3A72100679CD8 /* Project object */;
}
